
Microsoft Visual Studio Solution File, Format Version 12.00
# Visual Studio 15
Project("{FAE04EC0-301F-11D3-BF4B-00C04F79EFBC}") = "StudyAppMark2", "StudyAppMark2\StudyAppMark2.csproj", "{AA50FA36-5A5C-41C5-81A9-BF5A42F0D412}"
EndProject
Global
	GlobalSection(SolutionConfigurationPlatforms) = preSolution
		Debug|Any CPU = Debug|Any CPU
		Release|Any CPU = Release|Any CPU
	EndGlobalSection
	GlobalSection(ProjectConfigurationPlatforms) = postSolution
		{AA50FA36-5A5C-41C5-81A9-BF5A42F0D412}.Debug|Any CPU.ActiveCfg = Debug|Any CPU
		{AA50FA36-5A5C-41C5-81A9-BF5A42F0D412}.Debug|Any CPU.Build.0 = Debug|Any CPU
		{AA50FA36-5A5C-41C5-81A9-BF5A42F0D412}.Release|Any CPU.ActiveCfg = Release|Any CPU
		{AA50FA36-5A5C-41C5-81A9-BF5A42F0D412}.Release|Any CPU.Build.0 = Release|Any CPU
	EndGlobalSection
EndGlobal
